
Microsoft Visual Studio Solution File, Format Version 12.00
# Visual Studio Version 17
VisualStudioVersion = 17.11.35222.181
MinimumVisualStudioVersion = 10.0.40219.1
Project("{2150E333-8FDC-42A3-9474-1A3956D46DE8}") = "Элементы решения", "Элементы решения", "{B8DB7CF6-6C56-4A45-8A28-F4B1550034B6}"
EndProject
Project("{2150E333-8FDC-42A3-9474-1A3956D46DE8}") = "Producers", "Producers", "{D11F998A-7F7C-4F87-A100-9FCFB39D034D}"
EndProject
Project("{9A19103F-16F7-4668-BE54-9A1E7A4F7556}") = "AbstractFactory", "Producers\AbstractFactory\AbstractFactory.csproj", "{D3CF7FBF-8ACF-486B-B1AF-E118B9989795}"
EndProject
Project("{9A19103F-16F7-4668-BE54-9A1E7A4F7556}") = "Builder", "Producers\Builder\Builder.csproj", "{E4E4912E-DF1F-4022-9257-C2C47BE1C6FA}"
EndProject
Project("{9A19103F-16F7-4668-BE54-9A1E7A4F7556}") = "FactoryMethod", "Producers\FactoryMethod\FactoryMethod.csproj", "{09AF800B-882A-47ED-B641-6162B14C36E7}"
EndProject
Project("{9A19103F-16F7-4668-BE54-9A1E7A4F7556}") = "Prototype", "Producers\Prototype\Prototype.csproj", "{9D5D148B-4E8E-4BD9-BBF1-AB08420DDEDA}"
EndProject
Project("{9A19103F-16F7-4668-BE54-9A1E7A4F7556}") = "Singleton", "Producers\Singleton\Singleton.csproj", "{652B1CF8-C136-4044-BE03-D09BE33C2CC2}"
EndProject
Project("{2150E333-8FDC-42A3-9474-1A3956D46DE8}") = "Structural", "Structural", "{5EA1B420-5CD7-446E-B1B0-7447C0806121}"
EndProject
Project("{9A19103F-16F7-4668-BE54-9A1E7A4F7556}") = "Adapter", "Structural\Adapter\Adapter.csproj", "{175E0097-3DA0-46B7-8182-6474457DCDE8}"
EndProject
Project("{9A19103F-16F7-4668-BE54-9A1E7A4F7556}") = "Bridge", "Structural\Bridge\Bridge.csproj", "{D5CE02CC-8094-4F6D-8B0D-217F8082DD6A}"
EndProject
Project("{9A19103F-16F7-4668-BE54-9A1E7A4F7556}") = "Composite", "Structural\Composite\Composite.csproj", "{884DB3BA-D683-4F82-9813-31AC94203AC4}"
EndProject
Project("{9A19103F-16F7-4668-BE54-9A1E7A4F7556}") = "Decorator", "Structural\Decorator\Decorator.csproj", "{CE5E772F-D23B-4702-BAB2-F8B3EF9229AC}"
EndProject
Project("{9A19103F-16F7-4668-BE54-9A1E7A4F7556}") = "Proxy", "Structural\Proxy\Proxy.csproj", "{460C338F-BD6A-450E-A794-DCF27AD99FBE}"
EndProject
Project("{9A19103F-16F7-4668-BE54-9A1E7A4F7556}") = "Facade", "Structural\Facade\Facade.csproj", "{17276A1B-A022-4B47-BB7F-BC0176803302}"
EndProject
Project("{2150E333-8FDC-42A3-9474-1A3956D46DE8}") = "Behavioral", "Behavioral", "{C2C5450E-AF75-4E2B-A0D1-8C79B8987C4E}"
EndProject
Project("{9A19103F-16F7-4668-BE54-9A1E7A4F7556}") = "Command", "Behavioral\Command\Command.csproj", "{C9FF955B-97DF-4824-BC0B-B56A60465ECE}"
EndProject
Project("{FAE04EC0-301F-11D3-BF4B-00C04F79EFBC}") = "ChainOfResponsibility", "Behavioral\ChainOfResponsibility\ChainOfResponsibility.csproj", "{8D27E2E4-3A1F-41E4-A46B-B2575526CB5D}"
EndProject
Global
	GlobalSection(SolutionConfigurationPlatforms) = preSolution
		Debug|Any CPU = Debug|Any CPU
		Release|Any CPU = Release|Any CPU
	EndGlobalSection
	GlobalSection(ProjectConfigurationPlatforms) = postSolution
		{D3CF7FBF-8ACF-486B-B1AF-E118B9989795}.Debug|Any CPU.ActiveCfg = Debug|Any CPU
		{D3CF7FBF-8ACF-486B-B1AF-E118B9989795}.Debug|Any CPU.Build.0 = Debug|Any CPU
		{D3CF7FBF-8ACF-486B-B1AF-E118B9989795}.Release|Any CPU.ActiveCfg = Release|Any CPU
		{D3CF7FBF-8ACF-486B-B1AF-E118B9989795}.Release|Any CPU.Build.0 = Release|Any CPU
		{E4E4912E-DF1F-4022-9257-C2C47BE1C6FA}.Debug|Any CPU.ActiveCfg = Debug|Any CPU
		{E4E4912E-DF1F-4022-9257-C2C47BE1C6FA}.Debug|Any CPU.Build.0 = Debug|Any CPU
		{E4E4912E-DF1F-4022-9257-C2C47BE1C6FA}.Release|Any CPU.ActiveCfg = Release|Any CPU
		{E4E4912E-DF1F-4022-9257-C2C47BE1C6FA}.Release|Any CPU.Build.0 = Release|Any CPU
		{09AF800B-882A-47ED-B641-6162B14C36E7}.Debug|Any CPU.ActiveCfg = Debug|Any CPU
		{09AF800B-882A-47ED-B641-6162B14C36E7}.Debug|Any CPU.Build.0 = Debug|Any CPU
		{09AF800B-882A-47ED-B641-6162B14C36E7}.Release|Any CPU.ActiveCfg = Release|Any CPU
		{09AF800B-882A-47ED-B641-6162B14C36E7}.Release|Any CPU.Build.0 = Release|Any CPU
		{9D5D148B-4E8E-4BD9-BBF1-AB08420DDEDA}.Debug|Any CPU.ActiveCfg = Debug|Any CPU
		{9D5D148B-4E8E-4BD9-BBF1-AB08420DDEDA}.Debug|Any CPU.Build.0 = Debug|Any CPU
		{9D5D148B-4E8E-4BD9-BBF1-AB08420DDEDA}.Release|Any CPU.ActiveCfg = Release|Any CPU
		{9D5D148B-4E8E-4BD9-BBF1-AB08420DDEDA}.Release|Any CPU.Build.0 = Release|Any CPU
		{652B1CF8-C136-4044-BE03-D09BE33C2CC2}.Debug|Any CPU.ActiveCfg = Debug|Any CPU
		{652B1CF8-C136-4044-BE03-D09BE33C2CC2}.Debug|Any CPU.Build.0 = Debug|Any CPU
		{652B1CF8-C136-4044-BE03-D09BE33C2CC2}.Release|Any CPU.ActiveCfg = Release|Any CPU
		{652B1CF8-C136-4044-BE03-D09BE33C2CC2}.Release|Any CPU.Build.0 = Release|Any CPU
		{175E0097-3DA0-46B7-8182-6474457DCDE8}.Debug|Any CPU.ActiveCfg = Debug|Any CPU
		{175E0097-3DA0-46B7-8182-6474457DCDE8}.Debug|Any CPU.Build.0 = Debug|Any CPU
		{175E0097-3DA0-46B7-8182-6474457DCDE8}.Release|Any CPU.ActiveCfg = Release|Any CPU
		{175E0097-3DA0-46B7-8182-6474457DCDE8}.Release|Any CPU.Build.0 = Release|Any CPU
		{D5CE02CC-8094-4F6D-8B0D-217F8082DD6A}.Debug|Any CPU.ActiveCfg = Debug|Any CPU
		{D5CE02CC-8094-4F6D-8B0D-217F8082DD6A}.Debug|Any CPU.Build.0 = Debug|Any CPU
		{D5CE02CC-8094-4F6D-8B0D-217F8082DD6A}.Release|Any CPU.ActiveCfg = Release|Any CPU
		{D5CE02CC-8094-4F6D-8B0D-217F8082DD6A}.Release|Any CPU.Build.0 = Release|Any CPU
		{884DB3BA-D683-4F82-9813-31AC94203AC4}.Debug|Any CPU.ActiveCfg = Debug|Any CPU
		{884DB3BA-D683-4F82-9813-31AC94203AC4}.Debug|Any CPU.Build.0 = Debug|Any CPU
		{884DB3BA-D683-4F82-9813-31AC94203AC4}.Release|Any CPU.ActiveCfg = Release|Any CPU
		{884DB3BA-D683-4F82-9813-31AC94203AC4}.Release|Any CPU.Build.0 = Release|Any CPU
		{CE5E772F-D23B-4702-BAB2-F8B3EF9229AC}.Debug|Any CPU.ActiveCfg = Debug|Any CPU
		{CE5E772F-D23B-4702-BAB2-F8B3EF9229AC}.Debug|Any CPU.Build.0 = Debug|Any CPU
		{CE5E772F-D23B-4702-BAB2-F8B3EF9229AC}.Release|Any CPU.ActiveCfg = Release|Any CPU
		{CE5E772F-D23B-4702-BAB2-F8B3EF9229AC}.Release|Any CPU.Build.0 = Release|Any CPU
		{460C338F-BD6A-450E-A794-DCF27AD99FBE}.Debug|Any CPU.ActiveCfg = Debug|Any CPU
		{460C338F-BD6A-450E-A794-DCF27AD99FBE}.Debug|Any CPU.Build.0 = Debug|Any CPU
		{460C338F-BD6A-450E-A794-DCF27AD99FBE}.Release|Any CPU.ActiveCfg = Release|Any CPU
		{460C338F-BD6A-450E-A794-DCF27AD99FBE}.Release|Any CPU.Build.0 = Release|Any CPU
		{17276A1B-A022-4B47-BB7F-BC0176803302}.Debug|Any CPU.ActiveCfg = Debug|Any CPU
		{17276A1B-A022-4B47-BB7F-BC0176803302}.Debug|Any CPU.Build.0 = Debug|Any CPU
		{17276A1B-A022-4B47-BB7F-BC0176803302}.Release|Any CPU.ActiveCfg = Release|Any CPU
		{17276A1B-A022-4B47-BB7F-BC0176803302}.Release|Any CPU.Build.0 = Release|Any CPU
		{C9FF955B-97DF-4824-BC0B-B56A60465ECE}.Debug|Any CPU.ActiveCfg = Debug|Any CPU
		{C9FF955B-97DF-4824-BC0B-B56A60465ECE}.Debug|Any CPU.Build.0 = Debug|Any CPU
		{C9FF955B-97DF-4824-BC0B-B56A60465ECE}.Release|Any CPU.ActiveCfg = Release|Any CPU
		{C9FF955B-97DF-4824-BC0B-B56A60465ECE}.Release|Any CPU.Build.0 = Release|Any CPU
		{8D27E2E4-3A1F-41E4-A46B-B2575526CB5D}.Debug|Any CPU.ActiveCfg = Debug|Any CPU
		{8D27E2E4-3A1F-41E4-A46B-B2575526CB5D}.Debug|Any CPU.Build.0 = Debug|Any CPU
		{8D27E2E4-3A1F-41E4-A46B-B2575526CB5D}.Release|Any CPU.ActiveCfg = Release|Any CPU
		{8D27E2E4-3A1F-41E4-A46B-B2575526CB5D}.Release|Any CPU.Build.0 = Release|Any CPU
	EndGlobalSection
	GlobalSection(SolutionProperties) = preSolution
		HideSolutionNode = FALSE
	EndGlobalSection
	GlobalSection(NestedProjects) = preSolution
		{D3CF7FBF-8ACF-486B-B1AF-E118B9989795} = {D11F998A-7F7C-4F87-A100-9FCFB39D034D}
		{E4E4912E-DF1F-4022-9257-C2C47BE1C6FA} = {D11F998A-7F7C-4F87-A100-9FCFB39D034D}
		{09AF800B-882A-47ED-B641-6162B14C36E7} = {D11F998A-7F7C-4F87-A100-9FCFB39D034D}
		{9D5D148B-4E8E-4BD9-BBF1-AB08420DDEDA} = {D11F998A-7F7C-4F87-A100-9FCFB39D034D}
		{652B1CF8-C136-4044-BE03-D09BE33C2CC2} = {D11F998A-7F7C-4F87-A100-9FCFB39D034D}
		{175E0097-3DA0-46B7-8182-6474457DCDE8} = {5EA1B420-5CD7-446E-B1B0-7447C0806121}
		{D5CE02CC-8094-4F6D-8B0D-217F8082DD6A} = {5EA1B420-5CD7-446E-B1B0-7447C0806121}
		{884DB3BA-D683-4F82-9813-31AC94203AC4} = {5EA1B420-5CD7-446E-B1B0-7447C0806121}
		{CE5E772F-D23B-4702-BAB2-F8B3EF9229AC} = {5EA1B420-5CD7-446E-B1B0-7447C0806121}
		{460C338F-BD6A-450E-A794-DCF27AD99FBE} = {5EA1B420-5CD7-446E-B1B0-7447C0806121}
		{17276A1B-A022-4B47-BB7F-BC0176803302} = {5EA1B420-5CD7-446E-B1B0-7447C0806121}
		{C9FF955B-97DF-4824-BC0B-B56A60465ECE} = {C2C5450E-AF75-4E2B-A0D1-8C79B8987C4E}
		{8D27E2E4-3A1F-41E4-A46B-B2575526CB5D} = {C2C5450E-AF75-4E2B-A0D1-8C79B8987C4E}
	EndGlobalSection
	GlobalSection(ExtensibilityGlobals) = postSolution
		SolutionGuid = {2E4F81D2-D5D4-416D-82A1-5C3CBFE4A5E5}
	EndGlobalSection
EndGlobal
